// !$*UTF8*$!
{
	archiveVersion = 1;
	classes = {
	};
	objectVersion = 46;
	objects = {

/* Begin PBXBuildFile section */
		A28964541B2346320061299C /* AppDelegate.swift in Sources */ = {isa = PBXBuildFile; fileRef = A28964531B2346320061299C /* AppDelegate.swift */; };
		A28964561B2346320061299C /* ViewController.swift in Sources */ = {isa = PBXBuildFile; fileRef = A28964551B2346320061299C /* ViewController.swift */; };
		A28964591B2346320061299C /* Main.storyboard in Resources */ = {isa = PBXBuildFile; fileRef = A28964571B2346320061299C /* Main.storyboard */; };
		A289645B1B2346320061299C /* Images.xcassets in Resources */ = {isa = PBXBuildFile; fileRef = A289645A1B2346320061299C /* Images.xcassets */; };
		A289645E1B2346320061299C /* LaunchScreen.xib in Resources */ = {isa = PBXBuildFile; fileRef = A289645C1B2346320061299C /* LaunchScreen.xib */; };
		A289646A1B2346320061299C /* secondTests.swift in Sources */ = {isa = PBXBuildFile; fileRef = A28964691B2346320061299C /* secondTests.swift */; };
/* End PBXBuildFile section */

/* Begin PBXContainerItemProxy section */
		A28964641B2346320061299C /* PBXContainerItemProxy */ = {
			isa = PBXContainerItemProxy;
			containerPortal = A28964461B2346320061299C /* Project object */;
			proxyType = 1;
			remoteGlobalIDString = A289644D1B2346320061299C;
			remoteInfo = second;
		};
/* End PBXContainerItemProxy section */

/* Begin PBXFileReference section */
		A289644E1B2346320061299C /* second.app */ = {isa = PBXFileReference; explicitFileType = wrapper.application; includeInIndex = 0; path = second.app; sourceTree = BUILT_PRODUCTS_DIR; };
		A28964521B2346320061299C /* Info.plist */ = {isa = PBXFileReference; lastKnownFileType = text.plist.xml; path = Info.plist; sourceTree = "<group>"; };
		A28964531B2346320061299C /* AppDelegate.swift */ = {isa = PBXFileReference; lastKnownFileType = sourcecode.swift; path = AppDelegate.swift; sourceTree = "<group>"; };
		A28964551B2346320061299C /* ViewController.swift */ = {isa = PBXFileReference; lastKnownFileType = sourcecode.swift; path = ViewController.swift; sourceTree = "<group>"; };
		A28964581B2346320061299C /* Base */ = {isa = PBXFileReference; lastKnownFileType = file.storyboard; name = Base; path = Base.lproj/Main.storyboard; sourceTree = "<group>"; };
		A289645A1B2346320061299C /* Images.xcassets */ = {isa = PBXFileReference; lastKnownFileType = folder.assetcatalog; path = Images.xcassets; sourceTree = "<group>"; };
		A289645D1B2346320061299C /* Base */ = {isa = PBXFileReference; lastKnownFileType = file.xib; name = Base; path = Base.lproj/LaunchScreen.xib; sourceTree = "<group>"; };
		A28964631B2346320061299C /* secondTests.xctest */ = {isa = PBXFileReference; explicitFileType = wrapper.cfbundle; includeInIndex = 0; path = secondTests.xctest; sourceTree = BUILT_PRODUCTS_DIR; };
		A28964681B2346320061299C /* Info.plist */ = {isa = PBXFileReference; lastKnownFileType = text.plist.xml; path = Info.plist; sourceTree = "<group>"; };
		A28964691B2346320061299C /* secondTests.swift */ = {isa = PBXFileReference; lastKnownFileType = sourcecode.swift; path = secondTests.swift; sourceTree = "<group>"; };
/* End PBXFileReference section */

/* Begin PBXFrameworksBuildPhase section */
		A289644B1B2346320061299C /* Frameworks */ = {
			isa = PBXFrameworksBuildPhase;
			buildActionMask = 2147483647;
			files = (
			);
			runOnlyForDeploymentPostprocessing = 0;
		};
		A28964601B2346320061299C /* Frameworks */ = {
			isa = PBXFrameworksBuildPhase;
			buildActionMask = 2147483647;
			files = (
			);
			runOnlyForDeploymentPostprocessing = 0;
		};
/* End PBXFrameworksBuildPhase section */

/* Begin PBXGroup section */
		A28964451B2346320061299C = {
			isa = PBXGroup;
			children = (
				A28964501B2346320061299C /* second */,
				A28964661B2346320061299C /* secondTests */,
				A289644F1B2346320061299C /* Products */,
			);
			sourceTree = "<group>";
		};
		A289644F1B2346320061299C /* Products */ = {
			isa = PBXGroup;
			children = (
				A289644E1B2346320061299C /* second.app */,
				A28964631B2346320061299C /* secondTests.xctest */,
			);
			name = Products;
			sourceTree = "<group>";
		};
		A28964501B2346320061299C /* second */ = {
			isa = PBXGroup;
			children = (
				A28964531B2346320061299C /* AppDelegate.swift */,
				A28964551B2346320061299C /* ViewController.swift */,
				A28964571B2346320061299C /* Main.storyboard */,
				A289645A1B2346320061299C /* Images.xcassets */,
				A289645C1B2346320061299C /* LaunchScreen.xib */,
				A28964511B2346320061299C /* Supporting Files */,
			);
			path = second;
			sourceTree = "<group>";
		};
		A28964511B2346320061299C /* Supporting Files */ = {
			isa = PBXGroup;
			children = (
				A28964521B2346320061299C /* Info.plist */,
			);
			name = "Supporting Files";
			sourceTree = "<group>";
		};
		A28964661B2346320061299C /* secondTests */ = {
			isa = PBXGroup;
			children = (
				A28964691B2346320061299C /* secondTests.swift */,
				A28964671B2346320061299C /* Supporting Files */,
			);
			path = secondTests;
			sourceTree = "<group>";
		};
		A28964671B2346320061299C /* Supporting Files */ = {
			isa = PBXGroup;
			children = (
				A28964681B2346320061299C /* Info.plist */,
			);
			name = "Supporting Files";
			sourceTree = "<group>";
		};
/* End PBXGroup section */

/* Begin PBXNativeTarget section */
		A289644D1B2346320061299C /* second */ = {
			isa = PBXNativeTarget;
			buildConfigurationList = A289646D1B2346320061299C /* Build configuration list for PBXNativeTarget "second" */;
			buildPhases = (
				A289644A1B2346320061299C /* Sources */,
				A289644B1B2346320061299C /* Frameworks */,
				A289644C1B2346320061299C /* Resources */,
			);
			buildRules = (
			);
			dependencies = (
			);
			name = second;
			productName = second;
			productReference = A289644E1B2346320061299C /* second.app */;
			productType = "com.apple.product-type.application";
		};
		A28964621B2346320061299C /* secondTests */ = {
			isa = PBXNativeTarget;
			buildConfigurationList = A28964701B2346320061299C /* Build configuration list for PBXNativeTarget "secondTests" */;
			buildPhases = (
				A289645F1B2346320061299C /* Sources */,
				A28964601B2346320061299C /* Frameworks */,
				A28964611B2346320061299C /* Resources */,
			);
			buildRules = (
			);
			dependencies = (
				A28964651B2346320061299C /* PBXTargetDependency */,
			);
			name = secondTests;
			productName = secondTests;
			productReference = A28964631B2346320061299C /* secondTests.xctest */;
			productType = "com.apple.product-type.bundle.unit-test";
		};
/* End PBXNativeTarget section */

/* Begin PBXProject section */
		A28964461B2346320061299C /* Project object */ = {
			isa = PBXProject;
			attributes = {
				LastUpgradeCheck = 0630;
				ORGANIZATIONNAME = gityasai;
				TargetAttributes = {
					A289644D1B2346320061299C = {
						CreatedOnToolsVersion = 6.3.2;
					};
					A28964621B2346320061299C = {
						CreatedOnToolsVersion = 6.3.2;
						TestTargetID = A289644D1B2346320061299C;
					};
				};
			};
			buildConfigurationList = A28964491B2346320061299C /* Build configuration list for PBXProject "second" */;
			compatibilityVersion = "Xcode 3.2";
			developmentRegion = English;
			hasScannedForEncodings = 0;
			knownRegions = (
				en,
				Base,
			);
			mainGroup = A28964451B2346320061299C;
			productRefGroup = A289644F1B2346320061299C /* Products */;
			projectDirPath = "";
			projectRoot = "";
			targets = (
				A289644D1B2346320061299C /* second */,
				A28964621B2346320061299C /* secondTests */,
			);
		};
/* End PBXProject section */

/* Begin PBXResourcesBuildPhase section */
		A289644C1B2346320061299C /* Resources */ = {
			isa = PBXResourcesBuildPhase;
			buildActionMask = 2147483647;
			files = (
				A28964591B2346320061299C /* Main.storyboard in Resources */,
				A289645E1B2346320061299C /* LaunchScreen.xib in Resources */,
				A289645B1B2346320061299C /* Images.xcassets in Resources */,
			);
			runOnlyForDeploymentPostprocessing = 0;
		};
		A28964611B2346320061299C /* Resources */ = {
			isa = PBXResourcesBuildPhase;
			buildActionMask = 2147483647;
			files = (
			);
			runOnlyForDeploymentPostprocessing = 0;
		};
/* End PBXResourcesBuildPhase section */

/* Begin PBXSourcesBuildPhase section */
		A289644A1B2346320061299C /* Sources */ = {
			isa = PBXSourcesBuildPhase;
			buildActionMask = 2147483647;
			files = (
				A28964561B2346320061299C /* ViewController.swift in Sources */,
				A28964541B2346320061299C /* AppDelegate.swift in Sources */,
			);
			runOnlyForDeploymentPostprocessing = 0;
		};
		A289645F1B2346320061299C /* Sources */ = {
			isa = PBXSourcesBuildPhase;
			buildActionMask = 2147483647;
			files = (
				A289646A1B2346320061299C /* secondTests.swift in Sources */,
			);
			runOnlyForDeploymentPostprocessing = 0;
		};
/* End PBXSourcesBuildPhase section */

/* Begin PBXTargetDependency section */
		A28964651B2346320061299C /* PBXTargetDependency */ = {
			isa = PBXTargetDependency;
			target = A289644D1B2346320061299C /* second */;
			targetProxy = A28964641B2346320061299C /* PBXContainerItemProxy */;
		};
/* End PBXTargetDependency section */

/* Begin PBXVariantGroup section */
		A28964571B2346320061299C /* Main.storyboard */ = {
			isa = PBXVariantGroup;
			children = (
				A28964581B2346320061299C /* Base */,
			);
			name = Main.storyboard;
			sourceTree = "<group>";
		};
		A289645C1B2346320061299C /* LaunchScreen.xib */ = {
			isa = PBXVariantGroup;
			children = (
				A289645D1B2346320061299C /* Base */,
			);
			name = LaunchScreen.xib;
			sourceTree = "<group>";
		};
/* End PBXVariantGroup section */

/* Begin XCBuildConfiguration section */
		A289646B1B2346320061299C /* Debug */ = {
			isa = XCBuildConfiguration;
			buildSettings = {
				ALWAYS_SEARCH_USER_PATHS = NO;
				CLANG_CXX_LANGUAGE_STANDARD = "gnu++0x";
				CLANG_CXX_LIBRARY = "libc++";
				CLANG_ENABLE_MODULES = YES;
				CLANG_ENABLE_OBJC_ARC = YES;
				CLANG_WARN_BOOL_CONVERSION = YES;
				CLANG_WARN_CONSTANT_CONVERSION = YES;
				CLANG_WARN_DIRECT_OBJC_ISA_USAGE = YES_ERROR;
				CLANG_WARN_EMPTY_BODY = YES;
				CLANG_WARN_ENUM_CONVERSION = YES;
				CLANG_WARN_INT_CONVERSION = YES;
				CLANG_WARN_OBJC_ROOT_CLASS = YES_ERROR;
				CLANG_WARN_UNREACHABLE_CODE = YES;
				CLANG_WARN__DUPLICATE_METHOD_MATCH = YES;
				"CODE_SIGN_IDENTITY[sdk=iphoneos*]" = "iPhone Developer";
				COPY_PHASE_STRIP = NO;
				DEBUG_INFORMATION_FORMAT = "dwarf-with-dsym";
				ENABLE_STRICT_OBJC_MSGSEND = YES;
				GCC_C_LANGUAGE_STANDARD = gnu99;
				GCC_DYNAMIC_NO_PIC = NO;
				GCC_NO_COMMON_BLOCKS = YES;
				GCC_OPTIMIZATION_LEVEL = 0;
				GCC_PREPROCESSOR_DEFINITIONS = (
					"DEBUG=1",
					"$(inherited)",
				);
				GCC_SYMBOLS_PRIVATE_EXTERN = NO;
				GCC_WARN_64_TO_32_BIT_CONVERSION = YES;
				GCC_WARN_ABOUT_RETURN_TYPE = YES_ERROR;
				GCC_WARN_UNDECLARED_SELECTOR = YES;
				GCC_WARN_UNINITIALIZED_AUTOS = YES_AGGRESSIVE;
				GCC_WARN_UNUSED_FUNCTION = YES;
				GCC_WARN_UNUSED_VARIABLE = YES;
				IPHONEOS_DEPLOYMENT_TARGET = 8.3;
				MTL_ENABLE_DEBUG_INFO = YES;
				ONLY_ACTIVE_ARCH = YES;
				SDKROOT = iphoneos;
				SWIFT_OPTIMIZATION_LEVEL = "-Onone";
				TARGETED_DEVICE_FAMILY = "1,2";
			};
			name = Debug;
		};
		A289646C1B2346320061299C /* Release */ = {
			isa = XCBuildConfiguration;
			buildSettings = {
				ALWAYS_SEARCH_USER_PATHS = NO;
				CLANG_CXX_LANGUAGE_STANDARD = "gnu++0x";
				CLANG_CXX_LIBRARY = "libc++";
				CLANG_ENABLE_MODULES = YES;
				CLANG_ENABLE_OBJC_ARC = YES;
				CLANG_WARN_BOOL_CONVERSION = YES;
				CLANG_WARN_CONSTANT_CONVERSION = YES;
				CLANG_WARN_DIRECT_OBJC_ISA_USAGE = YES_ERROR;
				CLANG_WARN_EMPTY_BODY = YES;
				CLANG_WARN_ENUM_CONVERSION = YES;
				CLANG_WARN_INT_CONVERSION = YES;
				CLANG_WARN_OBJC_ROOT_CLASS = YES_ERROR;
				CLANG_WARN_UNREACHABLE_CODE = YES;
				CLANG_WARN__DUPLICATE_METHOD_MATCH = YES;
				"CODE_SIGN_IDENTITY[sdk=iphoneos*]" = "iPhone Developer";
				COPY_PHASE_STRIP = NO;
				DEBUG_INFORMATION_FORMAT = "dwarf-with-dsym";
				ENABLE_NS_ASSERTIONS = NO;
				ENABLE_STRICT_OBJC_MSGSEND = YES;
				GCC_C_LANGUAGE_STANDARD = gnu99;
				GCC_NO_COMMON_BLOCKS = YES;
				GCC_WARN_64_TO_32_BIT_CONVERSION = YES;
				GCC_WARN_ABOUT_RETURN_TYPE = YES_ERROR;
				GCC_WARN_UNDECLARED_SELECTOR = YES;
				GCC_WARN_UNINITIALIZED_AUTOS = YES_AGGRESSIVE;
				GCC_WARN_UNUSED_FUNCTION = YES;
				GCC_WARN_UNUSED_VARIABLE = YES;
				IPHONEOS_DEPLOYMENT_TARGET = 8.3;
				MTL_ENABLE_DEBUG_INFO = NO;
				SDKROOT = iphoneos;
				TARGETED_DEVICE_FAMILY = "1,2";
				VALIDATE_PRODUCT = YES;
			};
			name = Release;
		};
		A289646E1B2346320061299C /* Debug */ = {
			isa = XCBuildConfiguration;
			buildSettings = {
				ASSETCATALOG_COMPILER_APPICON_NAME = AppIcon;
				INFOPLIST_FILE = second/Info.plist;
				LD_RUNPATH_SEARCH_PATHS = "$(inherited) @executable_path/Frameworks";
				PRODUCT_NAME = "$(TARGET_NAME)";
			};
			name = Debug;
		};
		A289646F1B2346320061299C /* Release */ = {
			isa = XCBuildConfiguration;
			buildSettings = {
				ASSETCATALOG_COMPILER_APPICON_NAME = AppIcon;
				INFOPLIST_FILE = second/Info.plist;
				LD_RUNPATH_SEARCH_PATHS = "$(inherited) @executable_path/Frameworks";
				PRODUCT_NAME = "$(TARGET_NAME)";
			};
			name = Release;
		};
		A28964711B2346320061299C /* Debug */ = {
			isa = XCBuildConfiguration;
			buildSettings = {
				BUNDLE_LOADER = "$(TEST_HOST)";
				FRAMEWORK_SEARCH_PATHS = (
					"$(SDKROOT)/Developer/Library/Frameworks",
					"$(inherited)",
				);
				GCC_PREPROCESSOR_DEFINITIONS = (
					"DEBUG=1",
					"$(inherited)",
				);
				INFOPLIST_FILE = secondTests/Info.plist;
				LD_RUNPATH_SEARCH_PATHS = "$(inherited) @executable_path/Frameworks @loader_path/Frameworks";
				PRODUCT_NAME = "$(TARGET_NAME)";
				TEST_HOST = "$(BUILT_PRODUCTS_DIR)/second.app/second";
			};
			name = Debug;
		};
		A28964721B2346320061299C /* Release */ = {
			isa = XCBuildConfiguration;
			buildSettings = {
				BUNDLE_LOADER = "$(TEST_HOST)";
				FRAMEWORK_SEARCH_PATHS = (
					"$(SDKROOT)/Developer/Library/Frameworks",
					"$(inherited)",
				);
				INFOPLIST_FILE = secondTests/Info.plist;
				LD_RUNPATH_SEARCH_PATHS = "$(inherited) @executable_path/Frameworks @loader_path/Frameworks";
				PRODUCT_NAME = "$(TARGET_NAME)";
				TEST_HOST = "$(BUILT_PRODUCTS_DIR)/second.app/second";
			};
			name = Release;
		};
/* End XCBuildConfiguration section */

/* Begin XCConfigurationList section */
		A28964491B2346320061299C /* Build configuration list for PBXProject "second" */ = {
			isa = XCConfigurationList;
			buildConfigurations = (
				A289646B1B2346320061299C /* Debug */,
				A289646C1B2346320061299C /* Release */,
			);
			defaultConfigurationIsVisible = 0;
			defaultConfigurationName = Release;
		};
		A289646D1B2346320061299C /* Build configuration list for PBXNativeTarget "second" */ = {
			isa = XCConfigurationList;
			buildConfigurations = (
				A289646E1B2346320061299C /* Debug */,
				A289646F1B2346320061299C /* Release */,
			);
			defaultConfigurationIsVisible = 0;
		};
		A28964701B2346320061299C /* Build configuration list for PBXNativeTarget "secondTests" */ = {
			isa = XCConfigurationList;
			buildConfigurations = (
				A28964711B2346320061299C /* Debug */,
				A28964721B2346320061299C /* Release */,
			);
			defaultConfigurationIsVisible = 0;
		};
/* End XCConfigurationList section */
	};
	rootObject = A28964461B2346320061299C /* Project object */;
}
